
Microsoft Visual Studio Solution File, Format Version 12.00
# Visual Studio Version 17
VisualStudioVersion = 17.13.35818.85 d17.13
MinimumVisualStudioVersion = 10.0.40219.1
Project("{8BC9CEB8-8B4A-11D0-8D11-00A0C91BC942}") = "STL", "STL.vcxproj", "{60BBC54B-4C1D-424A-A309-16E9768E1049}"
EndProject
Global
	GlobalSection(SolutionConfigurationPlatforms) = preSolution
		Debug|x64 = Debug|x64
		Debug|x86 = Debug|x86
		Release|x64 = Release|x64
		Release|x86 = Release|x86
	EndGlobalSection
	GlobalSection(ProjectConfigurationPlatforms) = postSolution
		{60BBC54B-4C1D-424A-A309-16E9768E1049}.Debug|x64.ActiveCfg = Debug|x64
		{60BBC54B-4C1D-424A-A309-16E9768E1049}.Debug|x64.Build.0 = Debug|x64
		{60BBC54B-4C1D-424A-A309-16E9768E1049}.Debug|x86.ActiveCfg = Debug|Win32
		{60BBC54B-4C1D-424A-A309-16E9768E1049}.Debug|x86.Build.0 = Debug|Win32
		{60BBC54B-4C1D-424A-A309-16E9768E1049}.Release|x64.ActiveCfg = Release|x64
		{60BBC54B-4C1D-424A-A309-16E9768E1049}.Release|x64.Build.0 = Release|x64
		{60BBC54B-4C1D-424A-A309-16E9768E1049}.Release|x86.ActiveCfg = Release|Win32
		{60BBC54B-4C1D-424A-A309-16E9768E1049}.Release|x86.Build.0 = Release|Win32
	EndGlobalSection
	GlobalSection(SolutionProperties) = preSolution
		HideSolutionNode = FALSE
	EndGlobalSection
	GlobalSection(ExtensibilityGlobals) = postSolution
		SolutionGuid = {88785D7B-CD37-4844-921E-CE3053456C72}
	EndGlobalSection
EndGlobal
